
Microsoft Visual Studio Solution File, Format Version 12.00
# Visual Studio Version 16
VisualStudioVersion = 16.0.30309.148
MinimumVisualStudioVersion = 10.0.40219.1
Project("{FAE04EC0-301F-11D3-BF4B-00C04F79EFBC}") = "ReportsData", "ReportsData\ReportsData.csproj", "{34766A9C-2140-485A-8B18-6BAF4F42ADFC}"
EndProject
Global
	GlobalSection(SolutionConfigurationPlatforms) = preSolution
		Debug|Any CPU = Debug|Any CPU
		Release|Any CPU = Release|Any CPU
	EndGlobalSection
	GlobalSection(ProjectConfigurationPlatforms) = postSolution
		{34766A9C-2140-485A-8B18-6BAF4F42ADFC}.Debug|Any CPU.ActiveCfg = Debug|Any CPU
		{34766A9C-2140-485A-8B18-6BAF4F42ADFC}.Debug|Any CPU.Build.0 = Debug|Any CPU
		{34766A9C-2140-485A-8B18-6BAF4F42ADFC}.Release|Any CPU.ActiveCfg = Release|Any CPU
		{34766A9C-2140-485A-8B18-6BAF4F42ADFC}.Release|Any CPU.Build.0 = Release|Any CPU
	EndGlobalSection
	GlobalSection(SolutionProperties) = preSolution
		HideSolutionNode = FALSE
	EndGlobalSection
	GlobalSection(ExtensibilityGlobals) = postSolution
		SolutionGuid = {BF23ADF9-7F06-458A-86F3-C67C8C2F20BA}
	EndGlobalSection
EndGlobal
